
Microsoft Visual Studio Solution File, Format Version 12.00
# Visual Studio Version 17
VisualStudioVersion = 17.7.34031.279
MinimumVisualStudioVersion = 10.0.40219.1
Project("{9A19103F-16F7-4668-BE54-9A1E7A4F7556}") = "API.SpeedTest", "API.SpeedTest.csproj", "{E81514D8-35BD-4F27-9E25-BF63AC0AB630}"
EndProject
Global
	GlobalSection(SolutionConfigurationPlatforms) = preSolution
		Debug|Any CPU = Debug|Any CPU
		Release|Any CPU = Release|Any CPU
	EndGlobalSection
	GlobalSection(ProjectConfigurationPlatforms) = postSolution
		{E81514D8-35BD-4F27-9E25-BF63AC0AB630}.Debug|Any CPU.ActiveCfg = Debug|Any CPU
		{E81514D8-35BD-4F27-9E25-BF63AC0AB630}.Debug|Any CPU.Build.0 = Debug|Any CPU
		{E81514D8-35BD-4F27-9E25-BF63AC0AB630}.Release|Any CPU.ActiveCfg = Release|Any CPU
		{E81514D8-35BD-4F27-9E25-BF63AC0AB630}.Release|Any CPU.Build.0 = Release|Any CPU
	EndGlobalSection
	GlobalSection(SolutionProperties) = preSolution
		HideSolutionNode = FALSE
	EndGlobalSection
	GlobalSection(ExtensibilityGlobals) = postSolution
		SolutionGuid = {5833FE7A-06DE-4AF5-9C5E-0B09C3A63A76}
	EndGlobalSection
EndGlobal
